# This file is generated by running "yarn install" inside your project.
# Manual changes might be lost - proceed with caution!

__metadata:
  version: 8
  cacheKey: 10c0

"@calcit/procs@npm:0.13.77":
  version: 0.13.77
  resolution: "@calcit/procs@npm:0.13.77"
  dependencies:
    "@calcit/ternary-tree": "npm:0.0.26"
    "@cirru/parser.ts": "npm:^0.0.9"
    "@cirru/writer.ts": "npm:^0.1.9"
  checksum: 10c0/7f0d79ad9e7963728518c3754174136d7c2e906c7177785d633f622300be11b84a8f9ae659c5b93c9fb8f7d47e4fffba773bbe90a30a0f53fc3d1258ab850851
  languageName: node
  linkType: hard

"@calcit/ternary-tree@npm:0.0.26":
  version: 0.0.26
  resolution: "@calcit/ternary-tree@npm:0.0.26"
  checksum: 10c0/53fee664f72e25f3512f3a61c917fe7926e2620caab1fed68e030ee4ddf905be68b4249c2e644a4db7cadb96b23594059f73fa9c475af8a79526e8d145736563
  languageName: node
  linkType: hard

"@cirru/parser.ts@npm:^0.0.9":
  version: 0.0.9
  resolution: "@cirru/parser.ts@npm:0.0.9"
  checksum: 10c0/3b13623b8f627ac81adae0cb6a4e3664f0da09115a997ca9b78b8d5d0b0f9b9b18c1ad847e068831cb1052c7da2a00329d2af04421b1024a004eef0ddca5fd7a
  languageName: node
  linkType: hard

"@cirru/writer.ts@npm:^0.1.9":
  version: 0.1.9
  resolution: "@cirru/writer.ts@npm:0.1.9"
  checksum: 10c0/df2672837d1bf61ee1a83b8b77ea17b9c241cb8135323567992749ee26daf3abccf43ab75d8698d67c36c8b8469f9a66c235a809a60484d71133592a9161a054
  languageName: node
  linkType: hard

"commander@npm:latest":
  version: 15.0.0
  resolution: "commander@npm:15.0.0"
  checksum: 10c0/539229c171914ea1ccd45ee5f10d924289a12a684ea3a7a44147abe54003c35ed6de9ae4ad198d88c29fdf403dca0428451a388234e6dc01b6faa978fb207206
  languageName: node
  linkType: hard

"equals@npm:latest":
  version: 1.0.5
  resolution: "equals@npm:1.0.5"
  dependencies:
    jkroso-type: "npm:1"
  checksum: 10c0/a714c7f271a077b3df29658d2ed80d8e8c771aff7cb4cc80237fe608f1ce1de439b9562150421f839fb140158595dbefdddf2e92b0f3a77eeba7c38ec5d95b2b
  languageName: node
  linkType: hard

"jkroso-type@npm:1":
  version: 1.1.1
  resolution: "jkroso-type@npm:1.1.1"
  checksum: 10c0/d0cf300d1cac60cfbb947dde0c493b1007a6bfc8b694284c9d1deffc181711df9ade59373fbf369b05e7becc820b2974ba817a82fda7db556a0a64889ec367a1
  languageName: node
  linkType: hard

"jsedn@npm:0.4.1":
  version: 0.4.1
  resolution: "jsedn@npm:0.4.1"
  dependencies:
    commander: "npm:latest"
    equals: "npm:latest"
    type-component: "npm:latest"
  bin:
    jsedn: ./bin/jsedn
  checksum: 10c0/c8f2848ce93abd672a02c925a84577d418406fc2c8e4dec0ed5ee229a89e4e08653d94e53478d6f5f9a32c6039dd6a455a35be3dc89b4ba7a7e11a350530f5ce
  languageName: node
  linkType: hard

"root-workspace-0b6124@workspace:.":
  version: 0.0.0-use.local
  resolution: "root-workspace-0b6124@workspace:."
  dependencies:
    "@calcit/procs": "npm:0.13.77"
    jsedn: "npm:0.4.1"
  languageName: unknown
  linkType: soft

"type-component@npm:latest":
  version: 0.0.1
  resolution: "type-component@npm:0.0.1"
  checksum: 10c0/7a46d75257a8f42675432a29d46e12b6340e18af7858af8c87001f160dd0f70b679a2f4437e853b6861b5e8e2b7fda071ebd28e02c8c922457e23f0e725769a9
  languageName: node
  linkType: hard
