# THIS IS AN AUTOGENERATED FILE. DO NOT EDIT THIS FILE DIRECTLY.
# yarn lockfile v1


"@calcit/procs@^0.6.1":
  version "0.6.1"
  resolved "https://registry.yarnpkg.com/@calcit/procs/-/procs-0.6.1.tgz#a30e2ea8aa49c71e00b720e52bb147d0931b0ba2"
  integrity sha512-QsgQoR4s9Po1c4cqseDTF8ZmcRphYZwuuYhcmUjjxYIrKJE3B3xafb0rhz9IDOAGNqVVfeVgKh1hmgZk10B7Cw==
  dependencies:
    "@calcit/ternary-tree" "0.0.19"
    "@cirru/parser.ts" "^0.0.5"
    "@cirru/writer.ts" "^0.1.3"

"@calcit/ternary-tree@0.0.19":
  version "0.0.19"
  resolved "https://registry.yarnpkg.com/@calcit/ternary-tree/-/ternary-tree-0.0.19.tgz#b5b33a3d07a9e603feeef7cd642958c83628122f"
  integrity sha512-dn2kNlcOQOPtCAeE68MHcRgrZzRP+jNKBmDW2wO0S8HTUA2SeAbpzZoK0HfcTHFmlGl6yKpjZ95rICQ319AjcA==

"@cirru/parser.ts@^0.0.5":
  version "0.0.5"
  resolved "https://registry.yarnpkg.com/@cirru/parser.ts/-/parser.ts-0.0.5.tgz#12325a69561b95e219e049790c53d5479dc2c1e5"
  integrity sha512-jmucRW6fQX+HhFZKeN37TDO8ejBxgxLDX9RvU7WKSDM/7peGtfyu9+b6G8NMi4a8wqpDACTvnzbgZId7Xi5bHw==

"@cirru/writer.ts@^0.1.3":
  version "0.1.3"
  resolved "https://registry.yarnpkg.com/@cirru/writer.ts/-/writer.ts-0.1.3.tgz#5f54bdecaa20ba3dab16cbe6da711854138a9c0a"
  integrity sha512-vJnhmhm7we5UfQIwmZfQpF3bAFbVybzT6LbmkbQHxgijaQg3gPfNVsnSIa3g3KpmWVtvkzEx+nUy5aMwsJiV1A==

commander@latest:
  version "9.4.0"
  resolved "https://registry.yarnpkg.com/commander/-/commander-9.4.0.tgz#bc4a40918fefe52e22450c111ecd6b7acce6f11c"
  integrity sha512-sRPT+umqkz90UA8M1yqYfnHlZA7fF6nSphDtxeywPZ49ysjxDQybzk13CL+mXekDRG92skbcqCLVovuCusNmFw==

equals@latest:
  version "1.0.5"
  resolved "https://registry.yarnpkg.com/equals/-/equals-1.0.5.tgz#212062dde5e1a510d955f13598efcc6a621b6ace"
  integrity sha512-wI15a6ZoaaXPv+55+Vh2Kqn3+efKRv8QPtcGTjW5xmanMnQzESdAt566jevtMZyt3W/jwLDTzXpMph5ECDJ2zg==
  dependencies:
    jkroso-type "1"

jkroso-type@1:
  version "1.1.1"
  resolved "https://registry.yarnpkg.com/jkroso-type/-/jkroso-type-1.1.1.tgz#bc4ced6d6c45fe0745282bafc86a9f8c4fc9ce61"
  integrity sha512-zZgay+fPG6PgMUrpyFADmQmvLo39+AZa7Gc5pZhev2RhDxwANEq2etwD8d0e6rTg5NkwOIlQmaEmns3draC6Ng==

jsedn@^0.4.1:
  version "0.4.1"
  resolved "https://registry.yarnpkg.com/jsedn/-/jsedn-0.4.1.tgz#5155f567450a7b94078414efdda90338a5d339c1"
  integrity sha512-ZzdF1smvJyiydoBJFYbXLx52wz6VIaAyDT4fGTmtdP6B7zrGCBzUI/0+QFIKoUmwgbHPSpzljdjkbHQHKWf8CQ==
  dependencies:
    commander latest
    equals latest
    type-component latest

type-component@latest:
  version "0.0.1"
  resolved "https://registry.yarnpkg.com/type-component/-/type-component-0.0.1.tgz#952a6c81c21efd24d13d811d0c8498cb860e1956"
  integrity sha512-mDZRBQS2yZkwRQKfjJvQ8UIYJeBNNWCq+HBNstl9N5s9jZ4dkVYXEGkVPsSCEh5Ld4JM1kmrZTzjnrqSAIQ7dw==
